
Microsoft Visual Studio Solution File, Format Version 12.00
# Visual Studio 15
VisualStudioVersion = 15.0.28307.329
MinimumVisualStudioVersion = 10.0.40219.1
Project("{FAE04EC0-301F-11D3-BF4B-00C04F79EFBC}") = "Euler", "Euler\Euler.csproj", "{056C0EBE-1988-4F54-88D8-E30EEF60C003}"
EndProject
Global
	GlobalSection(SolutionConfigurationPlatforms) = preSolution
		Debug|Any CPU = Debug|Any CPU
		Release|Any CPU = Release|Any CPU
	EndGlobalSection
	GlobalSection(ProjectConfigurationPlatforms) = postSolution
		{056C0EBE-1988-4F54-88D8-E30EEF60C003}.Debug|Any CPU.ActiveCfg = Debug|Any CPU
		{056C0EBE-1988-4F54-88D8-E30EEF60C003}.Debug|Any CPU.Build.0 = Debug|Any CPU
		{056C0EBE-1988-4F54-88D8-E30EEF60C003}.Release|Any CPU.ActiveCfg = Release|Any CPU
		{056C0EBE-1988-4F54-88D8-E30EEF60C003}.Release|Any CPU.Build.0 = Release|Any CPU
	EndGlobalSection
	GlobalSection(SolutionProperties) = preSolution
		HideSolutionNode = FALSE
	EndGlobalSection
	GlobalSection(ExtensibilityGlobals) = postSolution
		SolutionGuid = {2368F60F-3E55-49A4-91B3-29C31AC2428D}
	EndGlobalSection
EndGlobal
